
Microsoft Visual Studio Solution File, Format Version 12.00
# Visual Studio Version 17
VisualStudioVersion = 17.13.35825.156 d17.13
MinimumVisualStudioVersion = 10.0.40219.1
Project("{FAE04EC0-301F-11D3-BF4B-00C04F79EFBC}") = "Template.Net", "Template.Net\Template.Net.csproj", "{E78E179B-A36F-4C87-BA54-1292EAE51B5B}"
EndProject
Global
	GlobalSection(SolutionConfigurationPlatforms) = preSolution
		Debug|Any CPU = Debug|Any CPU
		Release|Any CPU = Release|Any CPU
	EndGlobalSection
	GlobalSection(ProjectConfigurationPlatforms) = postSolution
		{E78E179B-A36F-4C87-BA54-1292EAE51B5B}.Debug|Any CPU.ActiveCfg = Debug|Any CPU
		{E78E179B-A36F-4C87-BA54-1292EAE51B5B}.Debug|Any CPU.Build.0 = Debug|Any CPU
		{E78E179B-A36F-4C87-BA54-1292EAE51B5B}.Release|Any CPU.ActiveCfg = Release|Any CPU
		{E78E179B-A36F-4C87-BA54-1292EAE51B5B}.Release|Any CPU.Build.0 = Release|Any CPU
	EndGlobalSection
	GlobalSection(SolutionProperties) = preSolution
		HideSolutionNode = FALSE
	EndGlobalSection
	GlobalSection(ExtensibilityGlobals) = postSolution
		SolutionGuid = {EDE83E73-6C6A-4237-B92F-0D4832E95696}
	EndGlobalSection
EndGlobal
